<?xml version="1.0" encoding="utf-8"?>
<Project ToolsVersion="4.0" xmlns="http://schemas.microsoft.com/developer/msbuild/2003">
  <ItemGroup>
    <ClCompile Include="../src/main.cpp" />
    <ClCompile Include="..\src\Win32.cpp" />
    <ClCompile Include="..\src\BaseApp.cpp" />
    <ClCompile Include="..\src\MiniApp.cpp" />
    <ClCompile Include="..\src\Win32Window.cpp" />
    <ClCompile Include="..\src\FrameTimer.cpp" />
    <ClCompile Include="..\src\Core.cpp" />
    <ClCompile Include="..\src\GpuDeviceDX12.cpp" />
  </ItemGroup>
  <ItemGroup>
    <ClInclude Include="..\src\d3dx12.h" />
    <ClInclude Include="..\src\Core.h" />
    <ClInclude Include="..\src\Win32.h" />
    <ClInclude Include="..\src\BaseApp.h" />
    <ClInclude Include="..\src\MiniApp.h" />
    <ClInclude Include="..\src\Win32Window.h" />
    <ClInclude Include="..\src\InputMessageQueue.h" />
    <ClInclude Include="..\src\Array.h" />
    <ClInclude Include="..\src\FrameTimer.h" />
    <ClInclude Include="..\src\Math.h" />
    <ClInclude Include="..\src\GeoUtils.h" />
    <ClInclude Include="..\src\MemUtils.h" />
    <ClInclude Include="..\src\PSO.h" />
    <ClInclude Include="..\src\GpuDeviceDX12.h" />
  </ItemGroup>
  <ItemGroup>
    <Filter Include="shaders">
      <UniqueIdentifier>{387d01cc-fc20-4f53-b1e1-c4021fb8f221}</UniqueIdentifier>
    </Filter>
  </ItemGroup>
  <ItemGroup>
    <FxCompile Include="..\src\shaders\SimpleColor.hlsl">
      <Filter>shaders</Filter>
    </FxCompile>
  </ItemGroup>
</Project>